
Microsoft Visual Studio Solution File, Format Version 12.00
# Visual Studio Version 17
VisualStudioVersion = 17.6.33829.357
MinimumVisualStudioVersion = 10.0.40219.1
Project("{FAE04EC0-301F-11D3-BF4B-00C04F79EFBC}") = "demotodo", "demotodo\demotodo.csproj", "{30DFF5BB-F57D-4C89-8CBA-30E6BFAF66E9}"
EndProject
Project("{FAE04EC0-301F-11D3-BF4B-00C04F79EFBC}") = "demotodoTest", "demotodoTest\demotodoTest.csproj", "{F4428F4B-626D-4CC2-9405-0757D6064D8C}"
EndProject
Global
	GlobalSection(SolutionConfigurationPlatforms) = preSolution
		Debug|Any CPU = Debug|Any CPU
		Release|Any CPU = Release|Any CPU
	EndGlobalSection
	GlobalSection(ProjectConfigurationPlatforms) = postSolution
		{30DFF5BB-F57D-4C89-8CBA-30E6BFAF66E9}.Debug|Any CPU.ActiveCfg = Debug|Any CPU
		{30DFF5BB-F57D-4C89-8CBA-30E6BFAF66E9}.Debug|Any CPU.Build.0 = Debug|Any CPU
		{30DFF5BB-F57D-4C89-8CBA-30E6BFAF66E9}.Release|Any CPU.ActiveCfg = Release|Any CPU
		{30DFF5BB-F57D-4C89-8CBA-30E6BFAF66E9}.Release|Any CPU.Build.0 = Release|Any CPU
		{F4428F4B-626D-4CC2-9405-0757D6064D8C}.Debug|Any CPU.ActiveCfg = Debug|Any CPU
		{F4428F4B-626D-4CC2-9405-0757D6064D8C}.Debug|Any CPU.Build.0 = Debug|Any CPU
		{F4428F4B-626D-4CC2-9405-0757D6064D8C}.Release|Any CPU.ActiveCfg = Release|Any CPU
		{F4428F4B-626D-4CC2-9405-0757D6064D8C}.Release|Any CPU.Build.0 = Release|Any CPU
	EndGlobalSection
	GlobalSection(SolutionProperties) = preSolution
		HideSolutionNode = FALSE
	EndGlobalSection
	GlobalSection(ExtensibilityGlobals) = postSolution
		SolutionGuid = {47C5DDA8-9B81-43C7-89C0-AB9EFCA95D13}
	EndGlobalSection
EndGlobal
